
Microsoft Visual Studio Solution File, Format Version 12.00
# Visual Studio Version 16
VisualStudioVersion = 16.0.29102.190
MinimumVisualStudioVersion = 10.0.40219.1
Project("{9A19103F-16F7-4668-BE54-9A1E7A4F7556}") = "DataAccess", "DataAccess\DataAccess.csproj", "{2AE08C02-90C8-4014-813F-E44AAFE71BE9}"
EndProject
Project("{9A19103F-16F7-4668-BE54-9A1E7A4F7556}") = "Business", "Business\Business.csproj", "{F751F2BC-C76F-4E15-ACDF-6BCA00071949}"
EndProject
Project("{9A19103F-16F7-4668-BE54-9A1E7A4F7556}") = "Entities", "Entities\Entities.csproj", "{B12640FA-382F-4CD8-9100-6E4A6C2D7A67}"
EndProject
Project("{9A19103F-16F7-4668-BE54-9A1E7A4F7556}") = "ConsoleUI", "ConsoleUI\ConsoleUI.csproj", "{04CC3E8A-A0DF-4A0A-95FF-1D9BFE895FDB}"
EndProject
Project("{FAE04EC0-301F-11D3-BF4B-00C04F79EFBC}") = "Core", "Core\Core.csproj", "{1B469C1F-EEA8-465E-98DE-4CFE49C27481}"
EndProject
Global
	GlobalSection(SolutionConfigurationPlatforms) = preSolution
		Debug|Any CPU = Debug|Any CPU
		Release|Any CPU = Release|Any CPU
	EndGlobalSection
	GlobalSection(ProjectConfigurationPlatforms) = postSolution
		{2AE08C02-90C8-4014-813F-E44AAFE71BE9}.Debug|Any CPU.ActiveCfg = Debug|Any CPU
		{2AE08C02-90C8-4014-813F-E44AAFE71BE9}.Debug|Any CPU.Build.0 = Debug|Any CPU
		{2AE08C02-90C8-4014-813F-E44AAFE71BE9}.Release|Any CPU.ActiveCfg = Release|Any CPU
		{2AE08C02-90C8-4014-813F-E44AAFE71BE9}.Release|Any CPU.Build.0 = Release|Any CPU
		{F751F2BC-C76F-4E15-ACDF-6BCA00071949}.Debug|Any CPU.ActiveCfg = Debug|Any CPU
		{F751F2BC-C76F-4E15-ACDF-6BCA00071949}.Debug|Any CPU.Build.0 = Debug|Any CPU
		{F751F2BC-C76F-4E15-ACDF-6BCA00071949}.Release|Any CPU.ActiveCfg = Release|Any CPU
		{F751F2BC-C76F-4E15-ACDF-6BCA00071949}.Release|Any CPU.Build.0 = Release|Any CPU
		{B12640FA-382F-4CD8-9100-6E4A6C2D7A67}.Debug|Any CPU.ActiveCfg = Debug|Any CPU
		{B12640FA-382F-4CD8-9100-6E4A6C2D7A67}.Debug|Any CPU.Build.0 = Debug|Any CPU
		{B12640FA-382F-4CD8-9100-6E4A6C2D7A67}.Release|Any CPU.ActiveCfg = Release|Any CPU
		{B12640FA-382F-4CD8-9100-6E4A6C2D7A67}.Release|Any CPU.Build.0 = Release|Any CPU
		{04CC3E8A-A0DF-4A0A-95FF-1D9BFE895FDB}.Debug|Any CPU.ActiveCfg = Debug|Any CPU
		{04CC3E8A-A0DF-4A0A-95FF-1D9BFE895FDB}.Debug|Any CPU.Build.0 = Debug|Any CPU
		{04CC3E8A-A0DF-4A0A-95FF-1D9BFE895FDB}.Release|Any CPU.ActiveCfg = Release|Any CPU
		{04CC3E8A-A0DF-4A0A-95FF-1D9BFE895FDB}.Release|Any CPU.Build.0 = Release|Any CPU
		{1B469C1F-EEA8-465E-98DE-4CFE49C27481}.Debug|Any CPU.ActiveCfg = Debug|Any CPU
		{1B469C1F-EEA8-465E-98DE-4CFE49C27481}.Debug|Any CPU.Build.0 = Debug|Any CPU
		{1B469C1F-EEA8-465E-98DE-4CFE49C27481}.Release|Any CPU.ActiveCfg = Release|Any CPU
		{1B469C1F-EEA8-465E-98DE-4CFE49C27481}.Release|Any CPU.Build.0 = Release|Any CPU
	EndGlobalSection
	GlobalSection(SolutionProperties) = preSolution
		HideSolutionNode = FALSE
	EndGlobalSection
	GlobalSection(ExtensibilityGlobals) = postSolution
		SolutionGuid = {C3F7F84B-5227-433D-96E4-E3F61581CD07}
	EndGlobalSection
EndGlobal
